
Microsoft Visual Studio Solution File, Format Version 12.00
# Visual Studio Version 17
VisualStudioVersion = 17.2.32602.215
MinimumVisualStudioVersion = 10.0.40219.1
Project("{FAE04EC0-301F-11D3-BF4B-00C04F79EFBC}") = "webaapp", "webaapp.csproj", "{097E3864-169F-4099-95DE-D03BAAE50FDB}"
EndProject
Global
	GlobalSection(SolutionConfigurationPlatforms) = preSolution
		Debug|Any CPU = Debug|Any CPU
		Release|Any CPU = Release|Any CPU
	EndGlobalSection
	GlobalSection(ProjectConfigurationPlatforms) = postSolution
		{097E3864-169F-4099-95DE-D03BAAE50FDB}.Debug|Any CPU.ActiveCfg = Debug|Any CPU
		{097E3864-169F-4099-95DE-D03BAAE50FDB}.Debug|Any CPU.Build.0 = Debug|Any CPU
		{097E3864-169F-4099-95DE-D03BAAE50FDB}.Release|Any CPU.ActiveCfg = Release|Any CPU
		{097E3864-169F-4099-95DE-D03BAAE50FDB}.Release|Any CPU.Build.0 = Release|Any CPU
	EndGlobalSection
	GlobalSection(SolutionProperties) = preSolution
		HideSolutionNode = FALSE
	EndGlobalSection
	GlobalSection(ExtensibilityGlobals) = postSolution
		SolutionGuid = {3E54FC19-5567-4D71-877E-AF250A52311F}
	EndGlobalSection
EndGlobal
